
Microsoft Visual Studio Solution File, Format Version 12.00
# Visual Studio 15
VisualStudioVersion = 15.0.28010.2016
MinimumVisualStudioVersion = 10.0.40219.1
Project("{FAE04EC0-301F-11D3-BF4B-00C04F79EFBC}") = "TagScannerFunction", "TagScannerFunction\TagScannerFunction.csproj", "{8DF62419-7B45-4A58-8007-A7D6F649AEB4}"
EndProject
Global
	GlobalSection(SolutionConfigurationPlatforms) = preSolution
		Debug|Any CPU = Debug|Any CPU
		Release|Any CPU = Release|Any CPU
	EndGlobalSection
	GlobalSection(ProjectConfigurationPlatforms) = postSolution
		{8DF62419-7B45-4A58-8007-A7D6F649AEB4}.Debug|Any CPU.ActiveCfg = Debug|Any CPU
		{8DF62419-7B45-4A58-8007-A7D6F649AEB4}.Debug|Any CPU.Build.0 = Debug|Any CPU
		{8DF62419-7B45-4A58-8007-A7D6F649AEB4}.Release|Any CPU.ActiveCfg = Release|Any CPU
		{8DF62419-7B45-4A58-8007-A7D6F649AEB4}.Release|Any CPU.Build.0 = Release|Any CPU
	EndGlobalSection
	GlobalSection(SolutionProperties) = preSolution
		HideSolutionNode = FALSE
	EndGlobalSection
	GlobalSection(ExtensibilityGlobals) = postSolution
		SolutionGuid = {78AA1D39-D570-4CCD-84E1-7EA7861B5694}
	EndGlobalSection
EndGlobal
